
Microsoft Visual Studio Solution File, Format Version 12.00
# Visual Studio Version 17
VisualStudioVersion = 17.8.34330.188
MinimumVisualStudioVersion = 10.0.40219.1
Project("{FAE04EC0-301F-11D3-BF4B-00C04F79EFBC}") = "Redis.Basket", "Redis.Basket\Redis.Basket.csproj", "{397B87EC-65FC-4124-BDBB-8B3B831F5349}"
EndProject
Global
	GlobalSection(SolutionConfigurationPlatforms) = preSolution
		Debug|Any CPU = Debug|Any CPU
		Release|Any CPU = Release|Any CPU
	EndGlobalSection
	GlobalSection(ProjectConfigurationPlatforms) = postSolution
		{397B87EC-65FC-4124-BDBB-8B3B831F5349}.Debug|Any CPU.ActiveCfg = Debug|Any CPU
		{397B87EC-65FC-4124-BDBB-8B3B831F5349}.Debug|Any CPU.Build.0 = Debug|Any CPU
		{397B87EC-65FC-4124-BDBB-8B3B831F5349}.Release|Any CPU.ActiveCfg = Release|Any CPU
		{397B87EC-65FC-4124-BDBB-8B3B831F5349}.Release|Any CPU.Build.0 = Release|Any CPU
	EndGlobalSection
	GlobalSection(SolutionProperties) = preSolution
		HideSolutionNode = FALSE
	EndGlobalSection
	GlobalSection(ExtensibilityGlobals) = postSolution
		SolutionGuid = {A8EA499C-2E42-49C5-AAA0-7C012B044AC1}
	EndGlobalSection
EndGlobal
